{
  "projects": [
    {
      "projectId": "7nJ7UcFmq9UzB6eXfC5z4a",
      "version": "0.2.0",
      "dependencies": {},
      "lang": "js",
      "fileLocks": [
        {
          "assetId": "7nJ7UcFmq9UzB6eXfC5z4a",
          "type": "projectCss",
          "checksum": "809a992387352d2a5a566db42f64652e"
        }
      ],
      "codegenVersion": "0.0.1"
    },
    {
      "projectId": "caTPwKxj5ZrD9LQ7DMdK4Z",
      "version": "3.3.0",
      "dependencies": {},
      "lang": "js",
      "fileLocks": [
        {
          "assetId": "caTPwKxj5ZrD9LQ7DMdK4Z",
          "type": "projectCss",
          "checksum": "ab083ab952f1c389c64ad1714f567cde"
        }
      ],
      "codegenVersion": "0.0.1"
    },
    {
      "projectId": "enk3K4vZ6pmH6kVCoZJXGn",
      "version": "4.2.0",
      "dependencies": {},
      "lang": "js",
      "fileLocks": [
        {
          "assetId": "enk3K4vZ6pmH6kVCoZJXGn",
          "type": "projectCss",
          "checksum": "d1f75498bd54dd0b6999708e1917194a"
        }
      ],
      "codegenVersion": "0.0.1"
    },
    {
      "projectId": "28Ba3BDvRe7EiWdfFNnLB6",
      "version": "2.5.0",
      "dependencies": {},
      "lang": "js",
      "fileLocks": [
        {
          "assetId": "28Ba3BDvRe7EiWdfFNnLB6",
          "type": "projectCss",
          "checksum": "4555def2e0f7a23aa0c5dc1df553855f"
        }
      ],
      "codegenVersion": "0.0.1"
    },
    {
      "projectId": "cELQgcBTCpXC8URn4hyouo",
      "version": "latest",
      "dependencies": {
        "7nJ7UcFmq9UzB6eXfC5z4a": "0.2.0",
        "28Ba3BDvRe7EiWdfFNnLB6": "2.5.0",
        "enk3K4vZ6pmH6kVCoZJXGn": "4.2.0",
        "caTPwKxj5ZrD9LQ7DMdK4Z": "3.3.0"
      },
      "lang": "js",
      "fileLocks": [
        {
          "type": "globalVariant",
          "assetId": "nK2Y1p6i3Vepj",
          "checksum": "7d47e4abd6663c5b3956b6a9f7b91024"
        },
        {
          "type": "renderModule",
          "assetId": "OLVR3QMVAjAf",
          "checksum": "d7dd832ab0d4a611fe623d81703c6bf3"
        },
        {
          "type": "cssRules",
          "assetId": "OLVR3QMVAjAf",
          "checksum": "d7dd832ab0d4a611fe623d81703c6bf3"
        },
        {
          "type": "renderModule",
          "assetId": "IUhmGZz1se",
          "checksum": "114ddb62d7faa1dc67bf90f767e95181"
        },
        {
          "type": "cssRules",
          "assetId": "IUhmGZz1se",
          "checksum": "114ddb62d7faa1dc67bf90f767e95181"
        },
        {
          "type": "renderModule",
          "assetId": "nG5tYecuo7",
          "checksum": "f61bda3d072b4bd2e44f5736f57e5c52"
        },
        {
          "type": "cssRules",
          "assetId": "nG5tYecuo7",
          "checksum": "f61bda3d072b4bd2e44f5736f57e5c52"
        },
        {
          "type": "renderModule",
          "assetId": "5rx4AKY7Ct",
          "checksum": "46489645eb0f1e9e11d177eaaf21bcdf"
        },
        {
          "type": "cssRules",
          "assetId": "5rx4AKY7Ct",
          "checksum": "46489645eb0f1e9e11d177eaaf21bcdf"
        },
        {
          "type": "renderModule",
          "assetId": "DinjO4l3Ok",
          "checksum": "8477478fc13d8b7d507c91bd4cff731c"
        },
        {
          "type": "cssRules",
          "assetId": "DinjO4l3Ok",
          "checksum": "8477478fc13d8b7d507c91bd4cff731c"
        },
        {
          "type": "renderModule",
          "assetId": "oP4880RYxJw",
          "checksum": "f25c536e4f522252151c14e7588feb7b"
        },
        {
          "type": "cssRules",
          "assetId": "oP4880RYxJw",
          "checksum": "f25c536e4f522252151c14e7588feb7b"
        },
        {
          "type": "renderModule",
          "assetId": "1RTRAsLRW5N",
          "checksum": "123a8858a8124424f39c383a8a1553d6"
        },
        {
          "type": "cssRules",
          "assetId": "1RTRAsLRW5N",
          "checksum": "123a8858a8124424f39c383a8a1553d6"
        },
        {
          "type": "renderModule",
          "assetId": "MKAPnkKedg",
          "checksum": "d794c318b1e78037200803f96a3cbea5"
        },
        {
          "type": "cssRules",
          "assetId": "MKAPnkKedg",
          "checksum": "d794c318b1e78037200803f96a3cbea5"
        },
        {
          "type": "renderModule",
          "assetId": "9_TSPIaD38m",
          "checksum": "2110e592d8e1e376c24db8a0ccdc38c8"
        },
        {
          "type": "cssRules",
          "assetId": "9_TSPIaD38m",
          "checksum": "2110e592d8e1e376c24db8a0ccdc38c8"
        },
        {
          "type": "renderModule",
          "assetId": "lEWLrQK3dc",
          "checksum": "32feeb985674a56ffcfef794bbe1442f"
        },
        {
          "type": "cssRules",
          "assetId": "lEWLrQK3dc",
          "checksum": "32feeb985674a56ffcfef794bbe1442f"
        },
        {
          "type": "renderModule",
          "assetId": "lEk4k8FFv6H",
          "checksum": "82f328ad6dc37d0ff0aa4b7652345b5d"
        },
        {
          "type": "cssRules",
          "assetId": "lEk4k8FFv6H",
          "checksum": "82f328ad6dc37d0ff0aa4b7652345b5d"
        },
        {
          "type": "renderModule",
          "assetId": "5sPSsjDnyE",
          "checksum": "ed982a4f0a8c87afa0f8e7c12003329d"
        },
        {
          "type": "cssRules",
          "assetId": "5sPSsjDnyE",
          "checksum": "ed982a4f0a8c87afa0f8e7c12003329d"
        },
        {
          "type": "renderModule",
          "assetId": "Df4ah1WY7c",
          "checksum": "4bf1b51095114f0bd2bb648c861dd563"
        },
        {
          "type": "cssRules",
          "assetId": "Df4ah1WY7c",
          "checksum": "4bf1b51095114f0bd2bb648c861dd563"
        },
        {
          "type": "renderModule",
          "assetId": "u3bZHsWi8B",
          "checksum": "48b9f09dd7648fd38fd21a2bf099ab6a"
        },
        {
          "type": "cssRules",
          "assetId": "u3bZHsWi8B",
          "checksum": "48b9f09dd7648fd38fd21a2bf099ab6a"
        },
        {
          "type": "renderModule",
          "assetId": "btXf6zq--J",
          "checksum": "b5cc9713d69d4d22a5942bceaed3c444"
        },
        {
          "type": "cssRules",
          "assetId": "btXf6zq--J",
          "checksum": "b5cc9713d69d4d22a5942bceaed3c444"
        },
        {
          "type": "renderModule",
          "assetId": "alRcFwfrdE",
          "checksum": "8181576711d81e618cdb2e29e62418bd"
        },
        {
          "type": "cssRules",
          "assetId": "alRcFwfrdE",
          "checksum": "8181576711d81e618cdb2e29e62418bd"
        },
        {
          "type": "renderModule",
          "assetId": "DlZHxOtpOm",
          "checksum": "ff093172be0014159009283490a79bfc"
        },
        {
          "type": "cssRules",
          "assetId": "DlZHxOtpOm",
          "checksum": "ff093172be0014159009283490a79bfc"
        },
        {
          "type": "renderModule",
          "assetId": "JxzItQHtdP",
          "checksum": "abfbf33d43f9804656ea0f9d889f0ad7"
        },
        {
          "type": "cssRules",
          "assetId": "JxzItQHtdP",
          "checksum": "abfbf33d43f9804656ea0f9d889f0ad7"
        },
        {
          "type": "renderModule",
          "assetId": "U1TWkuZvfI",
          "checksum": "ee7b690f02f8b31538384925c2efd3a2"
        },
        {
          "type": "cssRules",
          "assetId": "U1TWkuZvfI",
          "checksum": "ee7b690f02f8b31538384925c2efd3a2"
        },
        {
          "type": "renderModule",
          "assetId": "QPWIEA9PWn",
          "checksum": "a1be2b1d025c39265089f18a3b998395"
        },
        {
          "type": "cssRules",
          "assetId": "QPWIEA9PWn",
          "checksum": "a1be2b1d025c39265089f18a3b998395"
        },
        {
          "type": "renderModule",
          "assetId": "EaCaTvYvI9",
          "checksum": "c8cf16c74f03945205c3cbaa4872d811"
        },
        {
          "type": "cssRules",
          "assetId": "EaCaTvYvI9",
          "checksum": "c8cf16c74f03945205c3cbaa4872d811"
        },
        {
          "type": "renderModule",
          "assetId": "T2PRct6rsu",
          "checksum": "94ae6161992b6e91bc7fb41cc2413967"
        },
        {
          "type": "cssRules",
          "assetId": "T2PRct6rsu",
          "checksum": "94ae6161992b6e91bc7fb41cc2413967"
        },
        {
          "type": "renderModule",
          "assetId": "OETkP4aQ7kj",
          "checksum": "dc09fea92a4a6095d7a445599254e095"
        },
        {
          "type": "cssRules",
          "assetId": "OETkP4aQ7kj",
          "checksum": "dc09fea92a4a6095d7a445599254e095"
        },
        {
          "type": "renderModule",
          "assetId": "-LEP2YxQV0",
          "checksum": "986981b1bdf295b7f241592833519a35"
        },
        {
          "type": "cssRules",
          "assetId": "-LEP2YxQV0",
          "checksum": "986981b1bdf295b7f241592833519a35"
        },
        {
          "type": "renderModule",
          "assetId": "PrC51OjMk0",
          "checksum": "c62cfa4f32452666d3d2918cf64ece28"
        },
        {
          "type": "cssRules",
          "assetId": "PrC51OjMk0",
          "checksum": "c62cfa4f32452666d3d2918cf64ece28"
        },
        {
          "type": "renderModule",
          "assetId": "daG_UtRVH0",
          "checksum": "37a0649ccb01a2846c137832a914cad8"
        },
        {
          "type": "cssRules",
          "assetId": "daG_UtRVH0",
          "checksum": "37a0649ccb01a2846c137832a914cad8"
        },
        {
          "type": "renderModule",
          "assetId": "EKBe6rLTgz",
          "checksum": "2dafa821cdc5229da5d2883311cf7022"
        },
        {
          "type": "cssRules",
          "assetId": "EKBe6rLTgz",
          "checksum": "2dafa821cdc5229da5d2883311cf7022"
        },
        {
          "type": "icon",
          "assetId": "DZ_ZJwIq1b",
          "checksum": "166c6c744acf61da68d0ff56b40b8d37"
        },
        {
          "type": "icon",
          "assetId": "DNMeweYbp-",
          "checksum": "67086bbe4b59b85e67ccf99c0fd63751"
        },
        {
          "type": "icon",
          "assetId": "SCWRDWiaJn",
          "checksum": "56a362649a83d1862111481f61aee9ff"
        },
        {
          "type": "icon",
          "assetId": "q3kowz1PIr",
          "checksum": "197dd357bead17dd6da61f69e638f9fe"
        },
        {
          "type": "image",
          "assetId": "gCiwH3GHO",
          "checksum": "97007780b8f9d3048040bf1d6cd120c6"
        },
        {
          "type": "image",
          "assetId": "ltDwGUQij",
          "checksum": "222c2f3b53913f83a3a2e3cadf66bd94"
        },
        {
          "type": "image",
          "assetId": "kdpPNC8cp",
          "checksum": "2dc9098abd9eae35b75c74ccc855536e"
        },
        {
          "type": "image",
          "assetId": "P2qhlwOa7",
          "checksum": "27bbc821ec915af25a2b626cccaafa7b"
        },
        {
          "type": "image",
          "assetId": "5IK9YNlL2",
          "checksum": "8286dca963523905823ed098a0f63c0c"
        },
        {
          "type": "image",
          "assetId": "mdTl-SrKQ",
          "checksum": "6d0f45c90e8b27977efc0928424fbadf"
        },
        {
          "type": "image",
          "assetId": "R61amkCXM",
          "checksum": "dd9a6ad702486c2c1fe592ad53d42ccf"
        },
        {
          "type": "image",
          "assetId": "O2FCEwgJF",
          "checksum": "b2e31687598c841fc6b0601416aa84ac"
        },
        {
          "type": "image",
          "assetId": "12Q6DvV5x",
          "checksum": "d5896029059262955c75e785285444bd"
        },
        {
          "type": "image",
          "assetId": "tOq-7Kuyb",
          "checksum": "5c969944036ae3ba256583177f7424e7"
        },
        {
          "type": "image",
          "assetId": "K-z_vw2oZ",
          "checksum": "367afb58a43495302d9e8298d915f21e"
        },
        {
          "type": "image",
          "assetId": "R9uppaLKg",
          "checksum": "1166491f2c6d45e6c0748e36e010e813"
        },
        {
          "type": "image",
          "assetId": "VooHMPXGH",
          "checksum": "744971e93e47b47555914bfd73a3778e"
        },
        {
          "type": "image",
          "assetId": "I-Wgf2awN",
          "checksum": "14d3feca185f31e447a2be61e8e8df2f"
        },
        {
          "type": "image",
          "assetId": "0Zg-fMYQ-",
          "checksum": "09389c6892e7d6fe32b8a1d1a4eb9bcc"
        },
        {
          "type": "image",
          "assetId": "UiaDi_-3e",
          "checksum": "7707e82c591bd1348921c90f4223473f"
        },
        {
          "type": "image",
          "assetId": "Wf3IEiOih",
          "checksum": "cdab8974a6c1231233f38bbfea193c1c"
        },
        {
          "type": "image",
          "assetId": "2H8wdVgxu",
          "checksum": "ec7ed8b797a0919a8b1eeaeb6c15f940"
        },
        {
          "type": "image",
          "assetId": "0bd5eNBQk",
          "checksum": "8222d860d0b3a051d9686a77e9c48bc5"
        },
        {
          "type": "image",
          "assetId": "7zsXFhpED",
          "checksum": "961479b369d2b20ee10a1f01fbadce34"
        },
        {
          "type": "image",
          "assetId": "VQzqUC4W2",
          "checksum": "13fd44abbfc7ab1bb11cf173dca48d66"
        },
        {
          "type": "image",
          "assetId": "EB-Bagl8K",
          "checksum": "8187f7d30cfa8507167d54f33f0e1d1e"
        },
        {
          "type": "image",
          "assetId": "fBYhvkR1q",
          "checksum": "91db01cb57a6f4a948c4800ca7464233"
        },
        {
          "type": "image",
          "assetId": "9JT0FYHh3",
          "checksum": "640252f9fcafa6f69fb868aa60e5744d"
        },
        {
          "type": "image",
          "assetId": "BDJc_c5h_",
          "checksum": "1a54ccfffdf52a7ea6e095c8de56ecce"
        },
        {
          "type": "image",
          "assetId": "7QUJqD7Fe",
          "checksum": "8023dcbccf4e030f726830ded3eff868"
        },
        {
          "type": "image",
          "assetId": "gz62n-Bez",
          "checksum": "caebcbac405d914185c76a8e678861af"
        },
        {
          "type": "image",
          "assetId": "umSkbZxjp",
          "checksum": "40d7326fa3c44e06019a131d85dfab55"
        },
        {
          "type": "image",
          "assetId": "TGnklAgqD",
          "checksum": "c4ea949661861822cbc61f70cf5a3d23"
        },
        {
          "type": "image",
          "assetId": "jpx1xxQIS",
          "checksum": "58ba9d55ea5861930f6d763f4b21e087"
        },
        {
          "type": "image",
          "assetId": "YRlG0-70M",
          "checksum": "bab92d76525200d2f316ba73e7efe63a"
        },
        {
          "type": "image",
          "assetId": "5TSftQEQ_",
          "checksum": "c4fc407b3160ad2f3e89f3f32372f5f4"
        },
        {
          "type": "image",
          "assetId": "9Cuz9pta0",
          "checksum": "df3e661b56061eecde751c00c5d5c459"
        },
        {
          "type": "image",
          "assetId": "JBSGc2-kb",
          "checksum": "ed2029e9e9201d75787fb7f80e21508a"
        },
        {
          "type": "image",
          "assetId": "dlBAHzKdF",
          "checksum": "405b9d85856b4cfdc24ca14c52050334"
        },
        {
          "type": "image",
          "assetId": "-ILXZD7uR",
          "checksum": "1ee199c6eec6a13457b0d44b7d2a24e0"
        },
        {
          "type": "image",
          "assetId": "vmob0r2l0",
          "checksum": "72ead8ea4715e7ed2e0ff1727614fe4c"
        },
        {
          "type": "image",
          "assetId": "38QsF84nJ",
          "checksum": "e8b55c3b87f0433229bc78b287f5b74b"
        },
        {
          "type": "image",
          "assetId": "aTuT3F_-2",
          "checksum": "fcf8cddc92ce6ec9ffa80e243b8febe4"
        },
        {
          "type": "image",
          "assetId": "exc-hQzBg",
          "checksum": "a267457a635f7f4aa9271929f429380a"
        },
        {
          "type": "image",
          "assetId": "SrriUgD4B",
          "checksum": "dd333de493b83ef9a9b7c0d1df746919"
        },
        {
          "type": "image",
          "assetId": "zHrsrGyFb",
          "checksum": "28bf11b2500c5a27a9d59a1843a2cf71"
        },
        {
          "type": "image",
          "assetId": "ZpPaRn466",
          "checksum": "2c5ea293eebbfa2ed925e2dbe28770e3"
        },
        {
          "type": "image",
          "assetId": "Wk5vdXEzD",
          "checksum": "590b96a685ac00b3b021ba7140a2a27b"
        },
        {
          "type": "image",
          "assetId": "wJug6huZQ",
          "checksum": "6cfb635706fb5a025ba24259b998c44f"
        },
        {
          "type": "image",
          "assetId": "_4Xqg5Pxs",
          "checksum": "ca9fe47062186e1825fbef0b78f73b3e"
        },
        {
          "type": "image",
          "assetId": "GjLrRLrjm",
          "checksum": "279a8433f910f48bbdd01b0a27d34917"
        },
        {
          "type": "image",
          "assetId": "onDcdW9Iz",
          "checksum": "4921e06b2a0868850161e9f5f002d8f1"
        },
        {
          "type": "image",
          "assetId": "nv7VFfoJC",
          "checksum": "4dc731e4fcc8149ba03b7e10f1496a28"
        },
        {
          "type": "image",
          "assetId": "spgEGZHNY",
          "checksum": "61d168205f57c04ccfcba7b033e1e4e7"
        },
        {
          "type": "image",
          "assetId": "nU-QwQTCT",
          "checksum": "1f899eb7fbd59b9a6fbdf5060a0d6347"
        },
        {
          "type": "image",
          "assetId": "A8Ybjb0n6",
          "checksum": "26efb8919b33cea48b410b0fb4bec921"
        },
        {
          "type": "image",
          "assetId": "VChtUUnV6",
          "checksum": "f8082a2809adfcfa8b7087aff756cae3"
        },
        {
          "type": "image",
          "assetId": "Ral77y7Za",
          "checksum": "587aef54aa8a00756cb7b2c0af80c3c3"
        },
        {
          "type": "image",
          "assetId": "-iz_Clid0",
          "checksum": "c888d6c155f6d15ae689aef187fe3b33"
        },
        {
          "type": "image",
          "assetId": "acbaaJA8K",
          "checksum": "8a5072f551152651caddd4fb0f932040"
        },
        {
          "type": "image",
          "assetId": "nBsNmOwk6",
          "checksum": "fa425159273173aa05416aae9385e7a4"
        },
        {
          "type": "image",
          "assetId": "N_YfLRcG6",
          "checksum": "76892dcac8155f848b3cb70585220b44"
        },
        {
          "type": "image",
          "assetId": "1WgNVb2J8",
          "checksum": "a0055d0b02270ea10e8d2e42abf2ba59"
        },
        {
          "type": "image",
          "assetId": "1_tppgXkO",
          "checksum": "1aba3784e180e17e8004abc6d860ab11"
        },
        {
          "type": "image",
          "assetId": "-DiIvP1_p",
          "checksum": "c0d281af272f602b723606979abe0ac4"
        },
        {
          "type": "image",
          "assetId": "M2tw79rCY",
          "checksum": "434b3407702415ea9ac9c2b7a730d9dd"
        },
        {
          "type": "image",
          "assetId": "g-EtGokY5",
          "checksum": "ff42e6edc23b12ae18e2127ff980971e"
        },
        {
          "type": "image",
          "assetId": "iaJAd6P9S",
          "checksum": "08aa2ba8d819c55f9c0785839ae2a7ee"
        },
        {
          "type": "image",
          "assetId": "7BGXllZ_6",
          "checksum": "afc98725767aeee990c69bd1784a02b3"
        },
        {
          "assetId": "cELQgcBTCpXC8URn4hyouo",
          "type": "projectCss",
          "checksum": "dc8c6fdf0184a260ba7792ca75529b13"
        },
        {
          "type": "renderModule",
          "assetId": "6qmCqWMds9",
          "checksum": "a6b90d8c83f3bb11e02eba5ca1cc4f13"
        },
        {
          "type": "cssRules",
          "assetId": "6qmCqWMds9",
          "checksum": "a6b90d8c83f3bb11e02eba5ca1cc4f13"
        }
      ],
      "codegenVersion": "0.0.1"
    }
  ],
  "cliVersion": "0.1.178"
}
