{
  "projects": [
    {
      "projectId": "7nJ7UcFmq9UzB6eXfC5z4a",
      "version": "0.0.2",
      "dependencies": {},
      "lang": "js",
      "fileLocks": [
        {
          "assetId": "7nJ7UcFmq9UzB6eXfC5z4a",
          "type": "projectCss",
          "checksum": "710c1ca5876b712e5c086ae35db0bac2"
        }
      ],
      "codegenVersion": "0.0.1"
    },
    {
      "projectId": "cELQgcBTCpXC8URn4hyouo",
      "version": "latest",
      "dependencies": {
        "7nJ7UcFmq9UzB6eXfC5z4a": "0.0.2"
      },
      "lang": "js",
      "fileLocks": [
        {
          "type": "globalVariant",
          "assetId": "nK2Y1p6i3Vepj",
          "checksum": "feb12ec96d290372e28197618814003d"
        },
        {
          "assetId": "cELQgcBTCpXC8URn4hyouo",
          "type": "projectCss",
          "checksum": "7ee2ed445fe808c69f917184701aea20"
        },
        {
          "type": "renderModule",
          "assetId": "OLVR3QMVAjAf",
          "checksum": "64523ea1e5d6e82c29e412cfd3863218"
        },
        {
          "type": "cssRules",
          "assetId": "OLVR3QMVAjAf",
          "checksum": "64523ea1e5d6e82c29e412cfd3863218"
        },
        {
          "type": "renderModule",
          "assetId": "IUhmGZz1se",
          "checksum": "a4349720b225b50b7fe156b80d8695fc"
        },
        {
          "type": "cssRules",
          "assetId": "IUhmGZz1se",
          "checksum": "a4349720b225b50b7fe156b80d8695fc"
        },
        {
          "type": "renderModule",
          "assetId": "nG5tYecuo7",
          "checksum": "287afdc6eeef304eae23b6884204f923"
        },
        {
          "type": "cssRules",
          "assetId": "nG5tYecuo7",
          "checksum": "287afdc6eeef304eae23b6884204f923"
        },
        {
          "type": "renderModule",
          "assetId": "5rx4AKY7Ct",
          "checksum": "2bbbb954f48443f93158e47934aa6598"
        },
        {
          "type": "cssRules",
          "assetId": "5rx4AKY7Ct",
          "checksum": "2bbbb954f48443f93158e47934aa6598"
        },
        {
          "type": "renderModule",
          "assetId": "DinjO4l3Ok",
          "checksum": "be68086fc1fd302cb02f61a53ece3c85"
        },
        {
          "type": "cssRules",
          "assetId": "DinjO4l3Ok",
          "checksum": "be68086fc1fd302cb02f61a53ece3c85"
        },
        {
          "type": "renderModule",
          "assetId": "oP4880RYxJw",
          "checksum": "11897aa04f8491521d6c1896d3328373"
        },
        {
          "type": "cssRules",
          "assetId": "oP4880RYxJw",
          "checksum": "11897aa04f8491521d6c1896d3328373"
        },
        {
          "type": "renderModule",
          "assetId": "1RTRAsLRW5N",
          "checksum": "8dcca2d8288653d396ff59edcfc4ed2b"
        },
        {
          "type": "cssRules",
          "assetId": "1RTRAsLRW5N",
          "checksum": "8dcca2d8288653d396ff59edcfc4ed2b"
        },
        {
          "type": "renderModule",
          "assetId": "MKAPnkKedg",
          "checksum": "4dcf3a9a120eeb999016a05175101d48"
        },
        {
          "type": "cssRules",
          "assetId": "MKAPnkKedg",
          "checksum": "4dcf3a9a120eeb999016a05175101d48"
        },
        {
          "type": "renderModule",
          "assetId": "9_TSPIaD38m",
          "checksum": "3647dad0d3716243eba3bb24975f328c"
        },
        {
          "type": "cssRules",
          "assetId": "9_TSPIaD38m",
          "checksum": "3647dad0d3716243eba3bb24975f328c"
        },
        {
          "type": "renderModule",
          "assetId": "G7WJTpHQNnw",
          "checksum": "5427654f8e365388c97ce63e8542da28"
        },
        {
          "type": "cssRules",
          "assetId": "G7WJTpHQNnw",
          "checksum": "5427654f8e365388c97ce63e8542da28"
        },
        {
          "type": "renderModule",
          "assetId": "lEWLrQK3dc",
          "checksum": "cd0699b408584ba6997269c503d1b139"
        },
        {
          "type": "cssRules",
          "assetId": "lEWLrQK3dc",
          "checksum": "cd0699b408584ba6997269c503d1b139"
        },
        {
          "type": "renderModule",
          "assetId": "lEk4k8FFv6H",
          "checksum": "f723b0266b50ccc32a01902add2aec11"
        },
        {
          "type": "cssRules",
          "assetId": "lEk4k8FFv6H",
          "checksum": "f723b0266b50ccc32a01902add2aec11"
        },
        {
          "type": "icon",
          "assetId": "DZ_ZJwIq1b",
          "checksum": "166c6c744acf61da68d0ff56b40b8d37"
        },
        {
          "type": "icon",
          "assetId": "DNMeweYbp-",
          "checksum": "67086bbe4b59b85e67ccf99c0fd63751"
        },
        {
          "type": "icon",
          "assetId": "SCWRDWiaJn",
          "checksum": "56a362649a83d1862111481f61aee9ff"
        },
        {
          "type": "icon",
          "assetId": "q3kowz1PIr",
          "checksum": "197dd357bead17dd6da61f69e638f9fe"
        },
        {
          "type": "image",
          "assetId": "gCiwH3GHO",
          "checksum": "97007780b8f9d3048040bf1d6cd120c6"
        },
        {
          "type": "image",
          "assetId": "ltDwGUQij",
          "checksum": "222c2f3b53913f83a3a2e3cadf66bd94"
        },
        {
          "type": "image",
          "assetId": "kdpPNC8cp",
          "checksum": "2dc9098abd9eae35b75c74ccc855536e"
        },
        {
          "type": "image",
          "assetId": "P2qhlwOa7",
          "checksum": "27bbc821ec915af25a2b626cccaafa7b"
        },
        {
          "type": "image",
          "assetId": "5IK9YNlL2",
          "checksum": "8286dca963523905823ed098a0f63c0c"
        },
        {
          "type": "image",
          "assetId": "mdTl-SrKQ",
          "checksum": "6d0f45c90e8b27977efc0928424fbadf"
        },
        {
          "type": "image",
          "assetId": "R61amkCXM",
          "checksum": "dd9a6ad702486c2c1fe592ad53d42ccf"
        },
        {
          "type": "image",
          "assetId": "O2FCEwgJF",
          "checksum": "b2e31687598c841fc6b0601416aa84ac"
        },
        {
          "type": "image",
          "assetId": "12Q6DvV5x",
          "checksum": "d5896029059262955c75e785285444bd"
        },
        {
          "type": "image",
          "assetId": "tOq-7Kuyb",
          "checksum": "5c969944036ae3ba256583177f7424e7"
        },
        {
          "type": "image",
          "assetId": "K-z_vw2oZ",
          "checksum": "367afb58a43495302d9e8298d915f21e"
        },
        {
          "type": "image",
          "assetId": "R9uppaLKg",
          "checksum": "1166491f2c6d45e6c0748e36e010e813"
        },
        {
          "type": "image",
          "assetId": "VooHMPXGH",
          "checksum": "744971e93e47b47555914bfd73a3778e"
        }
      ],
      "codegenVersion": "0.0.1"
    }
  ],
  "cliVersion": "0.1.178"
}
