{
  "projects": [
    {
      "projectId": "7nJ7UcFmq9UzB6eXfC5z4a",
      "version": "0.0.2",
      "dependencies": {},
      "lang": "js",
      "fileLocks": [
        {
          "assetId": "7nJ7UcFmq9UzB6eXfC5z4a",
          "type": "projectCss",
          "checksum": "710c1ca5876b712e5c086ae35db0bac2"
        }
      ],
      "codegenVersion": "0.0.1"
    },
    {
      "projectId": "cELQgcBTCpXC8URn4hyouo",
      "version": "latest",
      "dependencies": {
        "7nJ7UcFmq9UzB6eXfC5z4a": "0.0.2",
        "28Ba3BDvRe7EiWdfFNnLB6": "2.0.1",
        "enk3K4vZ6pmH6kVCoZJXGn": "3.0.2"
      },
      "lang": "js",
      "fileLocks": [
        {
          "type": "globalVariant",
          "assetId": "nK2Y1p6i3Vepj",
          "checksum": "feb12ec96d290372e28197618814003d"
        },
        {
          "type": "renderModule",
          "assetId": "OLVR3QMVAjAf",
          "checksum": "a03dbbc1ddfec511e2a7adbe0acbd0ec"
        },
        {
          "type": "cssRules",
          "assetId": "OLVR3QMVAjAf",
          "checksum": "a03dbbc1ddfec511e2a7adbe0acbd0ec"
        },
        {
          "type": "renderModule",
          "assetId": "IUhmGZz1se",
          "checksum": "28ad97377832824a32421d20d01af409"
        },
        {
          "type": "cssRules",
          "assetId": "IUhmGZz1se",
          "checksum": "28ad97377832824a32421d20d01af409"
        },
        {
          "type": "renderModule",
          "assetId": "nG5tYecuo7",
          "checksum": "a6e598b405337f125b422c05cc9d643a"
        },
        {
          "type": "cssRules",
          "assetId": "nG5tYecuo7",
          "checksum": "a6e598b405337f125b422c05cc9d643a"
        },
        {
          "type": "renderModule",
          "assetId": "5rx4AKY7Ct",
          "checksum": "7afc11c2874dd4444302d3b82cac39d4"
        },
        {
          "type": "cssRules",
          "assetId": "5rx4AKY7Ct",
          "checksum": "7afc11c2874dd4444302d3b82cac39d4"
        },
        {
          "type": "renderModule",
          "assetId": "DinjO4l3Ok",
          "checksum": "961185e925f7e6de3c980774b17f4f04"
        },
        {
          "type": "cssRules",
          "assetId": "DinjO4l3Ok",
          "checksum": "961185e925f7e6de3c980774b17f4f04"
        },
        {
          "type": "renderModule",
          "assetId": "oP4880RYxJw",
          "checksum": "b4181e9f90f4504643071707833f9fb1"
        },
        {
          "type": "cssRules",
          "assetId": "oP4880RYxJw",
          "checksum": "b4181e9f90f4504643071707833f9fb1"
        },
        {
          "type": "renderModule",
          "assetId": "1RTRAsLRW5N",
          "checksum": "cf1ed2d9bf5fdc5dff3ca3139e37c2c0"
        },
        {
          "type": "cssRules",
          "assetId": "1RTRAsLRW5N",
          "checksum": "cf1ed2d9bf5fdc5dff3ca3139e37c2c0"
        },
        {
          "type": "renderModule",
          "assetId": "MKAPnkKedg",
          "checksum": "ba779b8db6bcd3dc9f91df1a4ecdfb79"
        },
        {
          "type": "cssRules",
          "assetId": "MKAPnkKedg",
          "checksum": "ba779b8db6bcd3dc9f91df1a4ecdfb79"
        },
        {
          "type": "renderModule",
          "assetId": "9_TSPIaD38m",
          "checksum": "eda4cb11bf5174bcd65e147f1a03f437"
        },
        {
          "type": "cssRules",
          "assetId": "9_TSPIaD38m",
          "checksum": "eda4cb11bf5174bcd65e147f1a03f437"
        },
        {
          "type": "renderModule",
          "assetId": "lEWLrQK3dc",
          "checksum": "cd0699b408584ba6997269c503d1b139"
        },
        {
          "type": "cssRules",
          "assetId": "lEWLrQK3dc",
          "checksum": "cd0699b408584ba6997269c503d1b139"
        },
        {
          "type": "renderModule",
          "assetId": "lEk4k8FFv6H",
          "checksum": "ffa710ff8df27f2d254ec93a1db60a60"
        },
        {
          "type": "cssRules",
          "assetId": "lEk4k8FFv6H",
          "checksum": "ffa710ff8df27f2d254ec93a1db60a60"
        },
        {
          "type": "icon",
          "assetId": "DZ_ZJwIq1b",
          "checksum": "166c6c744acf61da68d0ff56b40b8d37"
        },
        {
          "type": "icon",
          "assetId": "DNMeweYbp-",
          "checksum": "67086bbe4b59b85e67ccf99c0fd63751"
        },
        {
          "type": "icon",
          "assetId": "SCWRDWiaJn",
          "checksum": "56a362649a83d1862111481f61aee9ff"
        },
        {
          "type": "icon",
          "assetId": "q3kowz1PIr",
          "checksum": "197dd357bead17dd6da61f69e638f9fe"
        },
        {
          "type": "image",
          "assetId": "gCiwH3GHO",
          "checksum": "97007780b8f9d3048040bf1d6cd120c6"
        },
        {
          "type": "image",
          "assetId": "ltDwGUQij",
          "checksum": "222c2f3b53913f83a3a2e3cadf66bd94"
        },
        {
          "type": "image",
          "assetId": "kdpPNC8cp",
          "checksum": "2dc9098abd9eae35b75c74ccc855536e"
        },
        {
          "type": "image",
          "assetId": "P2qhlwOa7",
          "checksum": "27bbc821ec915af25a2b626cccaafa7b"
        },
        {
          "type": "image",
          "assetId": "5IK9YNlL2",
          "checksum": "8286dca963523905823ed098a0f63c0c"
        },
        {
          "type": "image",
          "assetId": "mdTl-SrKQ",
          "checksum": "6d0f45c90e8b27977efc0928424fbadf"
        },
        {
          "type": "image",
          "assetId": "R61amkCXM",
          "checksum": "dd9a6ad702486c2c1fe592ad53d42ccf"
        },
        {
          "type": "image",
          "assetId": "O2FCEwgJF",
          "checksum": "b2e31687598c841fc6b0601416aa84ac"
        },
        {
          "type": "image",
          "assetId": "12Q6DvV5x",
          "checksum": "d5896029059262955c75e785285444bd"
        },
        {
          "type": "image",
          "assetId": "tOq-7Kuyb",
          "checksum": "5c969944036ae3ba256583177f7424e7"
        },
        {
          "type": "image",
          "assetId": "K-z_vw2oZ",
          "checksum": "367afb58a43495302d9e8298d915f21e"
        },
        {
          "type": "image",
          "assetId": "R9uppaLKg",
          "checksum": "1166491f2c6d45e6c0748e36e010e813"
        },
        {
          "type": "image",
          "assetId": "VooHMPXGH",
          "checksum": "744971e93e47b47555914bfd73a3778e"
        },
        {
          "type": "renderModule",
          "assetId": "5sPSsjDnyE",
          "checksum": "6587d4c3621bd833e7661445efcee1ce"
        },
        {
          "type": "cssRules",
          "assetId": "5sPSsjDnyE",
          "checksum": "6587d4c3621bd833e7661445efcee1ce"
        },
        {
          "type": "renderModule",
          "assetId": "Df4ah1WY7c",
          "checksum": "5cda89103a6448c3fb8388019ac1b48d"
        },
        {
          "type": "cssRules",
          "assetId": "Df4ah1WY7c",
          "checksum": "5cda89103a6448c3fb8388019ac1b48d"
        },
        {
          "type": "renderModule",
          "assetId": "u3bZHsWi8B",
          "checksum": "5f73f4bc28f03dbe61c7b551e32c7ab9"
        },
        {
          "type": "cssRules",
          "assetId": "u3bZHsWi8B",
          "checksum": "5f73f4bc28f03dbe61c7b551e32c7ab9"
        },
        {
          "type": "renderModule",
          "assetId": "btXf6zq--J",
          "checksum": "47953a0232fafe26b811f4ce03a3a6fb"
        },
        {
          "type": "cssRules",
          "assetId": "btXf6zq--J",
          "checksum": "47953a0232fafe26b811f4ce03a3a6fb"
        },
        {
          "type": "image",
          "assetId": "I-Wgf2awN",
          "checksum": "14d3feca185f31e447a2be61e8e8df2f"
        },
        {
          "type": "image",
          "assetId": "0Zg-fMYQ-",
          "checksum": "09389c6892e7d6fe32b8a1d1a4eb9bcc"
        },
        {
          "type": "renderModule",
          "assetId": "alRcFwfrdE",
          "checksum": "e731bbaa239c86ca9df32f0948dcb900"
        },
        {
          "type": "cssRules",
          "assetId": "alRcFwfrdE",
          "checksum": "e731bbaa239c86ca9df32f0948dcb900"
        },
        {
          "type": "image",
          "assetId": "UiaDi_-3e",
          "checksum": "7707e82c591bd1348921c90f4223473f"
        },
        {
          "type": "image",
          "assetId": "Wf3IEiOih",
          "checksum": "cdab8974a6c1231233f38bbfea193c1c"
        },
        {
          "type": "image",
          "assetId": "2H8wdVgxu",
          "checksum": "ec7ed8b797a0919a8b1eeaeb6c15f940"
        },
        {
          "type": "image",
          "assetId": "0bd5eNBQk",
          "checksum": "8222d860d0b3a051d9686a77e9c48bc5"
        },
        {
          "type": "image",
          "assetId": "7zsXFhpED",
          "checksum": "961479b369d2b20ee10a1f01fbadce34"
        },
        {
          "type": "image",
          "assetId": "VQzqUC4W2",
          "checksum": "13fd44abbfc7ab1bb11cf173dca48d66"
        },
        {
          "type": "image",
          "assetId": "EB-Bagl8K",
          "checksum": "8187f7d30cfa8507167d54f33f0e1d1e"
        },
        {
          "type": "image",
          "assetId": "fBYhvkR1q",
          "checksum": "91db01cb57a6f4a948c4800ca7464233"
        },
        {
          "type": "image",
          "assetId": "9JT0FYHh3",
          "checksum": "640252f9fcafa6f69fb868aa60e5744d"
        },
        {
          "type": "image",
          "assetId": "BDJc_c5h_",
          "checksum": "1a54ccfffdf52a7ea6e095c8de56ecce"
        },
        {
          "type": "image",
          "assetId": "7QUJqD7Fe",
          "checksum": "8023dcbccf4e030f726830ded3eff868"
        },
        {
          "type": "image",
          "assetId": "gz62n-Bez",
          "checksum": "caebcbac405d914185c76a8e678861af"
        },
        {
          "type": "image",
          "assetId": "umSkbZxjp",
          "checksum": "40d7326fa3c44e06019a131d85dfab55"
        },
        {
          "type": "image",
          "assetId": "TGnklAgqD",
          "checksum": "c4ea949661861822cbc61f70cf5a3d23"
        },
        {
          "type": "image",
          "assetId": "jpx1xxQIS",
          "checksum": "58ba9d55ea5861930f6d763f4b21e087"
        },
        {
          "type": "renderModule",
          "assetId": "DlZHxOtpOm",
          "checksum": "92477a4183af517bf2aa6da25044dd8d"
        },
        {
          "type": "cssRules",
          "assetId": "DlZHxOtpOm",
          "checksum": "92477a4183af517bf2aa6da25044dd8d"
        },
        {
          "type": "image",
          "assetId": "YRlG0-70M",
          "checksum": "bab92d76525200d2f316ba73e7efe63a"
        },
        {
          "type": "image",
          "assetId": "5TSftQEQ_",
          "checksum": "c4fc407b3160ad2f3e89f3f32372f5f4"
        },
        {
          "type": "image",
          "assetId": "9Cuz9pta0",
          "checksum": "df3e661b56061eecde751c00c5d5c459"
        },
        {
          "type": "image",
          "assetId": "JBSGc2-kb",
          "checksum": "ed2029e9e9201d75787fb7f80e21508a"
        },
        {
          "type": "image",
          "assetId": "dlBAHzKdF",
          "checksum": "405b9d85856b4cfdc24ca14c52050334"
        },
        {
          "type": "renderModule",
          "assetId": "JxzItQHtdP",
          "checksum": "f02c220d88222e1c4937c50cd8c3baa3"
        },
        {
          "type": "cssRules",
          "assetId": "JxzItQHtdP",
          "checksum": "f02c220d88222e1c4937c50cd8c3baa3"
        },
        {
          "type": "renderModule",
          "assetId": "U1TWkuZvfI",
          "checksum": "cc6f179e5b91dd387ea43a4ecbe6eacf"
        },
        {
          "type": "cssRules",
          "assetId": "U1TWkuZvfI",
          "checksum": "cc6f179e5b91dd387ea43a4ecbe6eacf"
        },
        {
          "type": "renderModule",
          "assetId": "QPWIEA9PWn",
          "checksum": "8022e14c586e29509d5e4fb8b7ed0796"
        },
        {
          "type": "cssRules",
          "assetId": "QPWIEA9PWn",
          "checksum": "8022e14c586e29509d5e4fb8b7ed0796"
        },
        {
          "type": "renderModule",
          "assetId": "EaCaTvYvI9",
          "checksum": "385e41de02fc28885a724f62600cdf52"
        },
        {
          "type": "cssRules",
          "assetId": "EaCaTvYvI9",
          "checksum": "385e41de02fc28885a724f62600cdf52"
        },
        {
          "type": "renderModule",
          "assetId": "T2PRct6rsu",
          "checksum": "24f3dad93ea346eadd6df9681ffe99eb"
        },
        {
          "type": "cssRules",
          "assetId": "T2PRct6rsu",
          "checksum": "24f3dad93ea346eadd6df9681ffe99eb"
        },
        {
          "type": "renderModule",
          "assetId": "OETkP4aQ7kj",
          "checksum": "628c86ad88e2d2fb3ece38dfa4893bdd"
        },
        {
          "type": "cssRules",
          "assetId": "OETkP4aQ7kj",
          "checksum": "628c86ad88e2d2fb3ece38dfa4893bdd"
        },
        {
          "type": "image",
          "assetId": "-ILXZD7uR",
          "checksum": "1ee199c6eec6a13457b0d44b7d2a24e0"
        },
        {
          "type": "image",
          "assetId": "vmob0r2l0",
          "checksum": "72ead8ea4715e7ed2e0ff1727614fe4c"
        },
        {
          "type": "renderModule",
          "assetId": "-LEP2YxQV0",
          "checksum": "86de27e6ce7da29edcf92ef00a5a08b9"
        },
        {
          "type": "cssRules",
          "assetId": "-LEP2YxQV0",
          "checksum": "86de27e6ce7da29edcf92ef00a5a08b9"
        },
        {
          "type": "renderModule",
          "assetId": "PrC51OjMk0",
          "checksum": "c1a4d687d522f604eb99b82e53242023"
        },
        {
          "type": "cssRules",
          "assetId": "PrC51OjMk0",
          "checksum": "c1a4d687d522f604eb99b82e53242023"
        },
        {
          "type": "image",
          "assetId": "38QsF84nJ",
          "checksum": "e8b55c3b87f0433229bc78b287f5b74b"
        },
        {
          "type": "renderModule",
          "assetId": "daG_UtRVH0",
          "checksum": "d9e6db723749fab7fd723f577502d6d3"
        },
        {
          "type": "cssRules",
          "assetId": "daG_UtRVH0",
          "checksum": "d9e6db723749fab7fd723f577502d6d3"
        },
        {
          "type": "image",
          "assetId": "aTuT3F_-2",
          "checksum": "fcf8cddc92ce6ec9ffa80e243b8febe4"
        },
        {
          "assetId": "cELQgcBTCpXC8URn4hyouo",
          "type": "projectCss",
          "checksum": "907ef833ddcbc4156923de560d84f06e"
        }
      ],
      "codegenVersion": "0.0.1"
    },
    {
      "projectId": "28Ba3BDvRe7EiWdfFNnLB6",
      "version": "2.0.1",
      "dependencies": {},
      "lang": "js",
      "fileLocks": [
        {
          "assetId": "28Ba3BDvRe7EiWdfFNnLB6",
          "type": "projectCss",
          "checksum": "91b18d78ef29d1ab040da659ea2b50e2"
        }
      ],
      "codegenVersion": "0.0.1"
    },
    {
      "projectId": "enk3K4vZ6pmH6kVCoZJXGn",
      "version": "3.0.2",
      "dependencies": {},
      "lang": "js",
      "fileLocks": [
        {
          "assetId": "enk3K4vZ6pmH6kVCoZJXGn",
          "type": "projectCss",
          "checksum": "10611ca873253243c87d848a851860d5"
        }
      ],
      "codegenVersion": "0.0.1"
    }
  ],
  "cliVersion": "0.1.178"
}
